
Microsoft Visual Studio Solution File, Format Version 12.00
# Visual Studio 2013
VisualStudioVersion = 12.0.30501.0
MinimumVisualStudioVersion = 10.0.40219.1
Project("{8BC9CEB8-8B4A-11D0-8D11-00A0C91BC942}") = "Apontadores", "Apont. e Listas Ligadas Simples\Apont. e Listas Ligadas Simples.vcxproj", "{8ACB592F-B885-483C-AD03-DC77DC09C283}"
EndProject
Project("{8BC9CEB8-8B4A-11D0-8D11-00A0C91BC942}") = "Listas Ligadas Simples", "Listas Ligadas Simples\Listas Ligadas Simples.vcxproj", "{56917FB7-9855-4B77-9D23-3BEE8088BB40}"
EndProject
Project("{8BC9CEB8-8B4A-11D0-8D11-00A0C91BC942}") = "Listas Ligadas Recursivas", "Listas Ligadas Recursivas\Listas Ligadas Recursivas.vcxproj", "{7482BDFA-E239-4649-B94B-7F2E47B787A5}"
EndProject
Project("{8BC9CEB8-8B4A-11D0-8D11-00A0C91BC942}") = "Snake Game - Listas Ligadas", "Snake Game - Listas Ligadas\PP2-Snake\Snake Game - Listas Ligadas.vcxproj", "{9F998B83-525C-4CE4-865C-A22C20AD8F5D}"
EndProject
Project("{8BC9CEB8-8B4A-11D0-8D11-00A0C91BC942}") = "Multilistas", "Listas Duplamente Ligadas\Listas Duplamente Ligadas.vcxproj", "{AB7CC7B2-6BEF-4DBA-A8D5-9F1F79F35AD7}"
EndProject
Project("{8BC9CEB8-8B4A-11D0-8D11-00A0C91BC942}") = "Arvores", "Arvores\Arvores.vcxproj", "{F5E5F645-AC5B-4D53-95CC-CD531BF0C3D9}"
EndProject
Project("{8BC9CEB8-8B4A-11D0-8D11-00A0C91BC942}") = "Ficha Pratica II", "Ficha Pratica II\Ficha Pratica II.vcxproj", "{03CCEF5D-B316-4B43-B614-E25354B3889C}"
EndProject
Project("{8BC9CEB8-8B4A-11D0-8D11-00A0C91BC942}") = "Grafos", "Grafos\Grafos.vcxproj", "{D95C51F7-1BBD-4414-8240-7E5F7C0C15FE}"
EndProject
Project("{8BC9CEB8-8B4A-11D0-8D11-00A0C91BC942}") = "Grafos Matrizes Adjacencias", "Grafos Matrizes Adjacencias\Grafos Matrizes Adjacencias.vcxproj", "{40CA8C1A-E8E5-46C3-866E-8B5AFFFC515A}"
EndProject
Project("{8BC9CEB8-8B4A-11D0-8D11-00A0C91BC942}") = "Ficha Prática III", "Ficha Prática III\Ficha Prática III.vcxproj", "{F23C917D-BB44-4FF9-B005-0C1759D909F8}"
EndProject
Project("{8BC9CEB8-8B4A-11D0-8D11-00A0C91BC942}") = "Dijkstra", "Dijkstra\Dijkstra.vcxproj", "{5A238B51-185D-4642-859B-4EA86E8B0D22}"
EndProject
Project("{8BC9CEB8-8B4A-11D0-8D11-00A0C91BC942}") = "Hashtables", "Hashtables\Hashtables.vcxproj", "{C33250E7-9AEE-4746-AABD-D322545EF3D4}"
EndProject
Project("{8BC9CEB8-8B4A-11D0-8D11-00A0C91BC942}") = "Exercicio Hashtable", "Exercicio Hashtable4\Exercicio Hashtable4.vcxproj", "{4E251F82-C07A-43D7-BAF6-F6A4BC8360E5}"
EndProject
Project("{8BC9CEB8-8B4A-11D0-8D11-00A0C91BC942}") = "Teste 2014 - Grupo I (Listas)", "Teste 2014 - Grupo I\Teste 2014 - Grupo I.vcxproj", "{D8F93334-8320-4611-A61C-29035235CE06}"
EndProject
Project("{8BC9CEB8-8B4A-11D0-8D11-00A0C91BC942}") = "Teste 2014 - Grupo III (Grafos)", "Teste 2014 - Grupo III (Grafos)\Teste 2014 - Grupo III (Grafos).vcxproj", "{887F7551-1517-4801-A434-C41FBE848C02}"
EndProject
Global
	GlobalSection(SolutionConfigurationPlatforms) = preSolution
		Debug|Win32 = Debug|Win32
		Release|Win32 = Release|Win32
	EndGlobalSection
	GlobalSection(ProjectConfigurationPlatforms) = postSolution
		{8ACB592F-B885-483C-AD03-DC77DC09C283}.Debug|Win32.ActiveCfg = Debug|Win32
		{8ACB592F-B885-483C-AD03-DC77DC09C283}.Debug|Win32.Build.0 = Debug|Win32
		{8ACB592F-B885-483C-AD03-DC77DC09C283}.Release|Win32.ActiveCfg = Release|Win32
		{8ACB592F-B885-483C-AD03-DC77DC09C283}.Release|Win32.Build.0 = Release|Win32
		{56917FB7-9855-4B77-9D23-3BEE8088BB40}.Debug|Win32.ActiveCfg = Debug|Win32
		{56917FB7-9855-4B77-9D23-3BEE8088BB40}.Debug|Win32.Build.0 = Debug|Win32
		{56917FB7-9855-4B77-9D23-3BEE8088BB40}.Release|Win32.ActiveCfg = Release|Win32
		{56917FB7-9855-4B77-9D23-3BEE8088BB40}.Release|Win32.Build.0 = Release|Win32
		{7482BDFA-E239-4649-B94B-7F2E47B787A5}.Debug|Win32.ActiveCfg = Debug|Win32
		{7482BDFA-E239-4649-B94B-7F2E47B787A5}.Debug|Win32.Build.0 = Debug|Win32
		{7482BDFA-E239-4649-B94B-7F2E47B787A5}.Release|Win32.ActiveCfg = Release|Win32
		{7482BDFA-E239-4649-B94B-7F2E47B787A5}.Release|Win32.Build.0 = Release|Win32
		{9F998B83-525C-4CE4-865C-A22C20AD8F5D}.Debug|Win32.ActiveCfg = Debug|Win32
		{9F998B83-525C-4CE4-865C-A22C20AD8F5D}.Debug|Win32.Build.0 = Debug|Win32
		{9F998B83-525C-4CE4-865C-A22C20AD8F5D}.Release|Win32.ActiveCfg = Release|Win32
		{9F998B83-525C-4CE4-865C-A22C20AD8F5D}.Release|Win32.Build.0 = Release|Win32
		{AB7CC7B2-6BEF-4DBA-A8D5-9F1F79F35AD7}.Debug|Win32.ActiveCfg = Debug|Win32
		{AB7CC7B2-6BEF-4DBA-A8D5-9F1F79F35AD7}.Debug|Win32.Build.0 = Debug|Win32
		{AB7CC7B2-6BEF-4DBA-A8D5-9F1F79F35AD7}.Release|Win32.ActiveCfg = Release|Win32
		{AB7CC7B2-6BEF-4DBA-A8D5-9F1F79F35AD7}.Release|Win32.Build.0 = Release|Win32
		{F5E5F645-AC5B-4D53-95CC-CD531BF0C3D9}.Debug|Win32.ActiveCfg = Debug|Win32
		{F5E5F645-AC5B-4D53-95CC-CD531BF0C3D9}.Debug|Win32.Build.0 = Debug|Win32
		{F5E5F645-AC5B-4D53-95CC-CD531BF0C3D9}.Release|Win32.ActiveCfg = Release|Win32
		{F5E5F645-AC5B-4D53-95CC-CD531BF0C3D9}.Release|Win32.Build.0 = Release|Win32
		{03CCEF5D-B316-4B43-B614-E25354B3889C}.Debug|Win32.ActiveCfg = Debug|Win32
		{03CCEF5D-B316-4B43-B614-E25354B3889C}.Debug|Win32.Build.0 = Debug|Win32
		{03CCEF5D-B316-4B43-B614-E25354B3889C}.Release|Win32.ActiveCfg = Release|Win32
		{03CCEF5D-B316-4B43-B614-E25354B3889C}.Release|Win32.Build.0 = Release|Win32
		{D95C51F7-1BBD-4414-8240-7E5F7C0C15FE}.Debug|Win32.ActiveCfg = Debug|Win32
		{D95C51F7-1BBD-4414-8240-7E5F7C0C15FE}.Debug|Win32.Build.0 = Debug|Win32
		{D95C51F7-1BBD-4414-8240-7E5F7C0C15FE}.Release|Win32.ActiveCfg = Release|Win32
		{D95C51F7-1BBD-4414-8240-7E5F7C0C15FE}.Release|Win32.Build.0 = Release|Win32
		{40CA8C1A-E8E5-46C3-866E-8B5AFFFC515A}.Debug|Win32.ActiveCfg = Debug|Win32
		{40CA8C1A-E8E5-46C3-866E-8B5AFFFC515A}.Debug|Win32.Build.0 = Debug|Win32
		{40CA8C1A-E8E5-46C3-866E-8B5AFFFC515A}.Release|Win32.ActiveCfg = Release|Win32
		{40CA8C1A-E8E5-46C3-866E-8B5AFFFC515A}.Release|Win32.Build.0 = Release|Win32
		{F23C917D-BB44-4FF9-B005-0C1759D909F8}.Debug|Win32.ActiveCfg = Debug|Win32
		{F23C917D-BB44-4FF9-B005-0C1759D909F8}.Debug|Win32.Build.0 = Debug|Win32
		{F23C917D-BB44-4FF9-B005-0C1759D909F8}.Release|Win32.ActiveCfg = Release|Win32
		{F23C917D-BB44-4FF9-B005-0C1759D909F8}.Release|Win32.Build.0 = Release|Win32
		{5A238B51-185D-4642-859B-4EA86E8B0D22}.Debug|Win32.ActiveCfg = Debug|Win32
		{5A238B51-185D-4642-859B-4EA86E8B0D22}.Debug|Win32.Build.0 = Debug|Win32
		{5A238B51-185D-4642-859B-4EA86E8B0D22}.Release|Win32.ActiveCfg = Release|Win32
		{5A238B51-185D-4642-859B-4EA86E8B0D22}.Release|Win32.Build.0 = Release|Win32
		{C33250E7-9AEE-4746-AABD-D322545EF3D4}.Debug|Win32.ActiveCfg = Debug|Win32
		{C33250E7-9AEE-4746-AABD-D322545EF3D4}.Debug|Win32.Build.0 = Debug|Win32
		{C33250E7-9AEE-4746-AABD-D322545EF3D4}.Release|Win32.ActiveCfg = Release|Win32
		{C33250E7-9AEE-4746-AABD-D322545EF3D4}.Release|Win32.Build.0 = Release|Win32
		{4E251F82-C07A-43D7-BAF6-F6A4BC8360E5}.Debug|Win32.ActiveCfg = Debug|Win32
		{4E251F82-C07A-43D7-BAF6-F6A4BC8360E5}.Debug|Win32.Build.0 = Debug|Win32
		{4E251F82-C07A-43D7-BAF6-F6A4BC8360E5}.Release|Win32.ActiveCfg = Release|Win32
		{4E251F82-C07A-43D7-BAF6-F6A4BC8360E5}.Release|Win32.Build.0 = Release|Win32
		{D8F93334-8320-4611-A61C-29035235CE06}.Debug|Win32.ActiveCfg = Debug|Win32
		{D8F93334-8320-4611-A61C-29035235CE06}.Debug|Win32.Build.0 = Debug|Win32
		{D8F93334-8320-4611-A61C-29035235CE06}.Release|Win32.ActiveCfg = Release|Win32
		{D8F93334-8320-4611-A61C-29035235CE06}.Release|Win32.Build.0 = Release|Win32
		{887F7551-1517-4801-A434-C41FBE848C02}.Debug|Win32.ActiveCfg = Debug|Win32
		{887F7551-1517-4801-A434-C41FBE848C02}.Debug|Win32.Build.0 = Debug|Win32
		{887F7551-1517-4801-A434-C41FBE848C02}.Release|Win32.ActiveCfg = Release|Win32
		{887F7551-1517-4801-A434-C41FBE848C02}.Release|Win32.Build.0 = Release|Win32
	EndGlobalSection
	GlobalSection(SolutionProperties) = preSolution
		HideSolutionNode = FALSE
	EndGlobalSection
EndGlobal
